<?xml version="1.0" encoding="utf-8"?>
<Project ToolsVersion="4.0" xmlns="http://schemas.microsoft.com/developer/msbuild/2003">
  <ItemGroup>
    <Filter Include="Source Files">
      <UniqueIdentifier>{230c1a0b-9354-49cc-aaef-05e0d6b3582b}</UniqueIdentifier>
      <Extensions>cpp;c;cxx;rc;def;r;odl;idl;hpj;bat</Extensions>
    </Filter>
    <Filter Include="Header Files">
      <UniqueIdentifier>{e49e9994-a1c0-40ed-90de-d15833d6a0df}</UniqueIdentifier>
      <Extensions>h;hpp;hxx;hm;inl</Extensions>
    </Filter>
    <Filter Include="Resource Files">
      <UniqueIdentifier>{1375acd1-9d3a-41d5-a316-2d63cc1d5c90}</UniqueIdentifier>
      <Extensions>ico;cur;bmp;dlg;rc2;rct;bin;rgs;gif;jpg;jpeg;jpe</Extensions>
    </Filter>
  </ItemGroup>
  <ItemGroup>
    <ClCompile Include="afxasert.cpp">
      <Filter>Source Files</Filter>
    </ClCompile>
    <ClCompile Include="Cuid.cpp">
      <Filter>Source Files</Filter>
    </ClCompile>
    <ClCompile Include="DesignRules.cpp">
      <Filter>Source Files</Filter>
    </ClCompile>
    <ClCompile Include="DisplayList.cpp">
      <Filter>Source Files</Filter>
    </ClCompile>
    <ClCompile Include="DlgAddMaskCutout.cpp">
      <Filter>Source Files</Filter>
    </ClCompile>
    <ClCompile Include="DlgAddPoly.cpp">
      <Filter>Source Files</Filter>
    </ClCompile>
    <ClCompile Include="DlgAddText.cpp">
      <Filter>Source Files</Filter>
    </ClCompile>
    <ClCompile Include="DlgAddWidth.cpp">
      <Filter>Source Files</Filter>
    </ClCompile>
    <ClCompile Include="DlgCAD.cpp">
      <Filter>Source Files</Filter>
    </ClCompile>
    <ClCompile Include="DlgChangeLayer.cpp">
      <Filter>Source Files</Filter>
    </ClCompile>
    <ClCompile Include="DlgDRC.cpp">
      <Filter>Source Files</Filter>
    </ClCompile>
    <ClCompile Include="DlgEditBoardCorner.cpp">
      <Filter>Source Files</Filter>
    </ClCompile>
    <ClCompile Include="DlgLayers.cpp">
      <Filter>Source Files</Filter>
    </ClCompile>
    <ClCompile Include="DlgLog.cpp">
      <Filter>Source Files</Filter>
    </ClCompile>
    <ClCompile Include="DlgMoveOrigin.cpp">
      <Filter>Source Files</Filter>
    </ClCompile>
    <ClCompile Include="DlgMyMessageBox.cpp">
      <Filter>Source Files</Filter>
    </ClCompile>
    <ClCompile Include="DlgMyMessageBox2.cpp">
      <Filter>Source Files</Filter>
    </ClCompile>
    <ClCompile Include="DlgProjectOptions.cpp">
      <Filter>Source Files</Filter>
    </ClCompile>
    <ClCompile Include="DlgReassignLayers.cpp">
      <Filter>Source Files</Filter>
    </ClCompile>
    <ClCompile Include="DlgShortcuts.cpp">
      <Filter>Source Files</Filter>
    </ClCompile>
    <ClCompile Include="DlgSideStyle.cpp">
      <Filter>Source Files</Filter>
    </ClCompile>
    <ClCompile Include="file_io.cpp">
      <Filter>Source Files</Filter>
    </ClCompile>
    <ClCompile Include="FreePcbView.cpp">
      <Filter>Source Files</Filter>
    </ClCompile>
    <ClCompile Include="Gerber.cpp">
      <Filter>Source Files</Filter>
    </ClCompile>
    <ClCompile Include="gpc_232.cpp">
      <Filter>Source Files</Filter>
    </ClCompile>
    <ClCompile Include="MainFrm.cpp">
      <Filter>Source Files</Filter>
    </ClCompile>
    <ClCompile Include="MyToolBar.cpp">
      <Filter>Source Files</Filter>
    </ClCompile>
    <ClCompile Include="PathDialog.cpp">
      <Filter>Source Files</Filter>
    </ClCompile>
    <ClCompile Include="php_polygon.cpp">
      <Filter>Source Files</Filter>
    </ClCompile>
    <ClCompile Include="php_polygon_vertex.cpp">
      <Filter>Source Files</Filter>
    </ClCompile>
    <ClCompile Include="QAFDebug.cpp">
      <Filter>Source Files</Filter>
    </ClCompile>
    <ClCompile Include="smcharacter.cpp">
      <Filter>Source Files</Filter>
    </ClCompile>
    <ClCompile Include="smfontutil.cpp">
      <Filter>Source Files</Filter>
    </ClCompile>
    <ClCompile Include="StdAfx.cpp">
      <Filter>Source Files</Filter>
    </ClCompile>
    <ClCompile Include="TextList.cpp">
      <Filter>Source Files</Filter>
    </ClCompile>
    <ClCompile Include="UndoList.cpp">
      <Filter>Source Files</Filter>
    </ClCompile>
    <ClCompile Include="utility.cpp">
      <Filter>Source Files</Filter>
    </ClCompile>
    <ClCompile Include="DlgAddMerge.cpp">
      <Filter>Source Files</Filter>
    </ClCompile>
    <ClCompile Include="PolyLine.cpp">
      <Filter>Source Files</Filter>
    </ClCompile>
    <ClCompile Include="FreeSch.cpp">
      <Filter>Source Files</Filter>
    </ClCompile>
    <ClCompile Include="DlgFindPart.cpp">
      <Filter>Source Files</Filter>
    </ClCompile>
    <ClCompile Include="DlgImportOptions.cpp">
      <Filter>Source Files</Filter>
    </ClCompile>
    <ClCompile Include="DlgIndexing.cpp">
      <Filter>Source Files</Filter>
    </ClCompile>
    <ClCompile Include="DlgSetAreaHatch.cpp">
      <Filter>Source Files</Filter>
    </ClCompile>
    <ClCompile Include="RTcall.cpp">
      <Filter>Source Files</Filter>
    </ClCompile>
    <ClCompile Include="DlgAttr.cpp">
      <Filter>Source Files</Filter>
    </ClCompile>
    <ClCompile Include="DlgRenumbers.cpp">
      <Filter>Source Files</Filter>
    </ClCompile>
    <ClCompile Include="Documents.cpp">
      <Filter>Source Files</Filter>
    </ClCompile>
    <ClCompile Include="DlgPDFLayers.cpp">
      <Filter>Source Files</Filter>
    </ClCompile>
    <ClCompile Include="Pages.cpp">
      <Filter>Source Files</Filter>
    </ClCompile>
    <ClCompile Include="DlgPartlist.cpp">
      <Filter>Source Files</Filter>
    </ClCompile>
    <ClCompile Include="NetlistSettings.cpp">
      <Filter>Source Files</Filter>
    </ClCompile>
    <ClCompile Include="DlgAttrSync.cpp">
      <Filter>Source Files</Filter>
    </ClCompile>
    <ClCompile Include="DlgReport.cpp">
      <Filter>Source Files</Filter>
    </ClCompile>
    <ClCompile Include="DlgReplaceText.cpp">
      <Filter>Source Files</Filter>
    </ClCompile>
    <ClCompile Include="DlgImportPart.cpp">
      <Filter>Source Files</Filter>
    </ClCompile>
    <ClCompile Include="LibPointer.cpp">
      <Filter>Source Files</Filter>
    </ClCompile>
    <ClCompile Include="CCompare.cpp">
      <Filter>Source Files</Filter>
    </ClCompile>
    <ClCompile Include="DlgPinMap.cpp">
      <Filter>Source Files</Filter>
    </ClCompile>
    <ClCompile Include="ComponentNoteExt.cpp">
      <Filter>Source Files</Filter>
    </ClCompile>
    <ClCompile Include="DlgProtection.cpp">
      <Filter>Source Files</Filter>
    </ClCompile>
    <ClCompile Include="DlgCreateBranch.cpp">
      <Filter>Source Files</Filter>
    </ClCompile>
    <ClCompile Include="ImportNetlist.cpp">
      <Filter>Source Files</Filter>
    </ClCompile>
    <ClCompile Include="SpeedFiles.cpp">
      <Filter>Source Files</Filter>
    </ClCompile>
    <ClCompile Include="DlgImportMerge.cpp">
      <Filter>Source Files</Filter>
    </ClCompile>
    <ClCompile Include="PartTemplate.cpp">
      <Filter>Source Files</Filter>
    </ClCompile>
    <ClCompile Include="ReadFootprintFolder.cpp">
      <Filter>Source Files</Filter>
    </ClCompile>
    <ClCompile Include="ReportFiles.cpp">
      <Filter>Source Files</Filter>
    </ClCompile>
    <ClCompile Include="TagTable.cpp">
      <Filter>Source Files</Filter>
    </ClCompile>
    <ClCompile Include="BomInTable.cpp">
      <Filter>Source Files</Filter>
    </ClCompile>
  </ItemGroup>
  <ItemGroup>
    <ClInclude Include="DlgAddPoly.h">
      <Filter>Source Files</Filter>
    </ClInclude>
    <ClInclude Include="Cuid.h">
      <Filter>Header Files</Filter>
    </ClInclude>
    <ClInclude Include="DdlgNetCombine.h">
      <Filter>Header Files</Filter>
    </ClInclude>
    <ClInclude Include="DesignRules.h">
      <Filter>Header Files</Filter>
    </ClInclude>
    <ClInclude Include="DisplayList.h">
      <Filter>Header Files</Filter>
    </ClInclude>
    <ClInclude Include="DlgAddMaskCutout.h">
      <Filter>Header Files</Filter>
    </ClInclude>
    <ClInclude Include="DlgAddText.h">
      <Filter>Header Files</Filter>
    </ClInclude>
    <ClInclude Include="DlgAddWidth.h">
      <Filter>Header Files</Filter>
    </ClInclude>
    <ClInclude Include="DlgCAD.h">
      <Filter>Header Files</Filter>
    </ClInclude>
    <ClInclude Include="DlgChangeLayer.h">
      <Filter>Header Files</Filter>
    </ClInclude>
    <ClInclude Include="DlgDRC.h">
      <Filter>Header Files</Filter>
    </ClInclude>
    <ClInclude Include="DlgEditBoardCorner.h">
      <Filter>Header Files</Filter>
    </ClInclude>
    <ClInclude Include="DlgLayers.h">
      <Filter>Header Files</Filter>
    </ClInclude>
    <ClInclude Include="DlgLog.h">
      <Filter>Header Files</Filter>
    </ClInclude>
    <ClInclude Include="DlgMoveOrigin.h">
      <Filter>Header Files</Filter>
    </ClInclude>
    <ClInclude Include="DlgMyMessageBox.h">
      <Filter>Header Files</Filter>
    </ClInclude>
    <ClInclude Include="DlgMyMessageBox2.h">
      <Filter>Header Files</Filter>
    </ClInclude>
    <ClInclude Include="DlgProjectOptions.h">
      <Filter>Header Files</Filter>
    </ClInclude>
    <ClInclude Include="DlgReassignLayers.h">
      <Filter>Header Files</Filter>
    </ClInclude>
    <ClInclude Include="DlgShortcuts.h">
      <Filter>Header Files</Filter>
    </ClInclude>
    <ClInclude Include="DlgSideStyle.h">
      <Filter>Header Files</Filter>
    </ClInclude>
    <ClInclude Include="file_io.h">
      <Filter>Header Files</Filter>
    </ClInclude>
    <ClInclude Include="FreePcbView.h">
      <Filter>Header Files</Filter>
    </ClInclude>
    <ClInclude Include="Gerber.h">
      <Filter>Header Files</Filter>
    </ClInclude>
    <ClInclude Include="gpc_232.h">
      <Filter>Header Files</Filter>
    </ClInclude>
    <ClInclude Include="ids.h">
      <Filter>Header Files</Filter>
    </ClInclude>
    <ClInclude Include="layers.h">
      <Filter>Header Files</Filter>
    </ClInclude>
    <ClInclude Include="LinkList.h">
      <Filter>Header Files</Filter>
    </ClInclude>
    <ClInclude Include="MainFrm.h">
      <Filter>Header Files</Filter>
    </ClInclude>
    <ClInclude Include="MyToolBar.h">
      <Filter>Header Files</Filter>
    </ClInclude>
    <ClInclude Include="PathDialog.h">
      <Filter>Header Files</Filter>
    </ClInclude>
    <ClInclude Include="php_polygon.h">
      <Filter>Header Files</Filter>
    </ClInclude>
    <ClInclude Include="php_polygon_vertex.h">
      <Filter>Header Files</Filter>
    </ClInclude>
    <ClInclude Include="QAFDebug.h">
      <Filter>Header Files</Filter>
    </ClInclude>
    <ClInclude Include="resource1.h">
      <Filter>Header Files</Filter>
    </ClInclude>
    <ClInclude Include="smcharacter.h">
      <Filter>Header Files</Filter>
    </ClInclude>
    <ClInclude Include="smfontutil.h">
      <Filter>Header Files</Filter>
    </ClInclude>
    <ClInclude Include="StdAfx.h">
      <Filter>Header Files</Filter>
    </ClInclude>
    <ClInclude Include="TextList.h">
      <Filter>Header Files</Filter>
    </ClInclude>
    <ClInclude Include="UndoList.h">
      <Filter>Header Files</Filter>
    </ClInclude>
    <ClInclude Include="utility.h">
      <Filter>Header Files</Filter>
    </ClInclude>
    <ClInclude Include="DlgAddMerge.h">
      <Filter>Header Files</Filter>
    </ClInclude>
    <ClInclude Include="Merge.h">
      <Filter>Header Files</Filter>
    </ClInclude>
    <ClInclude Include="PolyLine.h">
      <Filter>Header Files</Filter>
    </ClInclude>
    <ClInclude Include="resource.h">
      <Filter>Header Files</Filter>
    </ClInclude>
    <ClInclude Include="FreeSch.h">
      <Filter>Header Files</Filter>
    </ClInclude>
    <ClInclude Include="DlgFindPart.h">
      <Filter>Header Files</Filter>
    </ClInclude>
    <ClInclude Include="DlgImportOptions.h">
      <Filter>Header Files</Filter>
    </ClInclude>
    <ClInclude Include="DlgIndexing.h">
      <Filter>Header Files</Filter>
    </ClInclude>
    <ClInclude Include="DlgSetAreaHatch.h">
      <Filter>Header Files</Filter>
    </ClInclude>
    <ClInclude Include="flags.h">
      <Filter>Header Files</Filter>
    </ClInclude>
    <ClInclude Include="RTcall.h">
      <Filter>Header Files</Filter>
    </ClInclude>
    <ClInclude Include="DlgAttr.h">
      <Filter>Header Files</Filter>
    </ClInclude>
    <ClInclude Include="DlgRenumbers.h">
      <Filter>Header Files</Filter>
    </ClInclude>
    <ClInclude Include="Documents.h">
      <Filter>Header Files</Filter>
    </ClInclude>
    <ClInclude Include="include\cpdflib.h">
      <Filter>Header Files</Filter>
    </ClInclude>
    <ClInclude Include="DlgPDFLayers.h">
      <Filter>Header Files</Filter>
    </ClInclude>
    <ClInclude Include="Pages.h">
      <Filter>Header Files</Filter>
    </ClInclude>
    <ClInclude Include="DlgPartlist.h">
      <Filter>Header Files</Filter>
    </ClInclude>
    <ClInclude Include="NetlistSettings.h">
      <Filter>Header Files</Filter>
    </ClInclude>
    <ClInclude Include="DlgAttrSync.h">
      <Filter>Header Files</Filter>
    </ClInclude>
    <ClInclude Include="DlgReport.h">
      <Filter>Header Files</Filter>
    </ClInclude>
    <ClInclude Include="DlgReplaceText.h">
      <Filter>Header Files</Filter>
    </ClInclude>
    <ClInclude Include="DlgImportPart.h">
      <Filter>Header Files</Filter>
    </ClInclude>
    <ClInclude Include="LibPointer.h">
      <Filter>Header Files</Filter>
    </ClInclude>
    <ClInclude Include="CCompare.h">
      <Filter>Header Files</Filter>
    </ClInclude>
    <ClInclude Include="DlgPinMap.h">
      <Filter>Header Files</Filter>
    </ClInclude>
    <ClInclude Include="ComponentNoteExt.h">
      <Filter>Header Files</Filter>
    </ClInclude>
    <ClInclude Include="DlgProtection.h">
      <Filter>Header Files</Filter>
    </ClInclude>
    <ClInclude Include="DlgCreateBranch.h">
      <Filter>Header Files</Filter>
    </ClInclude>
    <ClInclude Include="ImportNetlist.h">
      <Filter>Header Files</Filter>
    </ClInclude>
    <ClInclude Include="SpeedFiles.h">
      <Filter>Header Files</Filter>
    </ClInclude>
    <ClInclude Include="DlgImportMerge.h">
      <Filter>Header Files</Filter>
    </ClInclude>
    <ClInclude Include="PartTemplate.h">
      <Filter>Header Files</Filter>
    </ClInclude>
    <ClInclude Include="ReadFootprintFolder.h">
      <Filter>Header Files</Filter>
    </ClInclude>
    <ClInclude Include="ReportFiles.h">
      <Filter>Header Files</Filter>
    </ClInclude>
    <ClInclude Include="TagTable.h">
      <Filter>Header Files</Filter>
    </ClInclude>
    <ClInclude Include="BomInTable.h">
      <Filter>Header Files</Filter>
    </ClInclude>
  </ItemGroup>
  <ItemGroup>
    <ResourceCompile Include="FreeSch.rc">
      <Filter>Source Files</Filter>
    </ResourceCompile>
  </ItemGroup>
  <ItemGroup>
    <None Include="res\bga.bmp">
      <Filter>Resource Files</Filter>
    </None>
    <None Include="res\bitmap_d.bmp">
      <Filter>Resource Files</Filter>
    </None>
    <None Include="res\edge.bmp">
      <Filter>Resource Files</Filter>
    </None>
    <None Include="res\edge2.bmp">
      <Filter>Resource Files</Filter>
    </None>
    <None Include="res\FreePcb.ico">
      <Filter>Resource Files</Filter>
    </None>
    <None Include="res\FreePcb.rc2">
      <Filter>Resource Files</Filter>
    </None>
    <None Include="res\FreePcbDoc.ico">
      <Filter>Resource Files</Filter>
    </None>
    <None Include="res\header.bmp">
      <Filter>Resource Files</Filter>
    </None>
    <None Include="res\header2.bmp">
      <Filter>Resource Files</Filter>
    </None>
    <None Include="res\icon1.ico">
      <Filter>Resource Files</Filter>
    </None>
    <None Include="res\icon2.ico">
      <Filter>Resource Files</Filter>
    </None>
    <None Include="res\MyToolbar.bmp">
      <Filter>Resource Files</Filter>
    </None>
    <None Include="res\quad.bmp">
      <Filter>Resource Files</Filter>
    </None>
    <None Include="res\sip.bmp">
      <Filter>Resource Files</Filter>
    </None>
    <None Include="res\SMT dip.bmp">
      <Filter>Resource Files</Filter>
    </None>
    <None Include="res\Toolbar.bmp">
      <Filter>Resource Files</Filter>
    </None>
    <None Include="changelog.txt" />
    <None Include="notes.txt" />
    <None Include="ClassDiagram1.cd" />
    <None Include="default_font.txt" />
    <None Include="resource.hm">
      <Filter>Header Files</Filter>
    </None>
    <None Include="FreeSch.aps" />
    <None Include="FreeSch.clw" />
    <None Include="FreeSch.opt" />
    <None Include="FreeSch.plg" />
    <None Include="res\ViewMate.bmp">
      <Filter>Resource Files</Filter>
    </None>
    <None Include="res\Gerbv.bmp">
      <Filter>Resource Files</Filter>
    </None>
    <None Include="res\GerberLogix.bmp">
      <Filter>Resource Files</Filter>
    </None>
    <None Include="res\Freeasy.ico">
      <Filter>Resource Files</Filter>
    </None>
    <None Include="res\PNG.bmp">
      <Filter>Resource Files</Filter>
    </None>
    <None Include="res\netlist.bmp">
      <Filter>Resource Files</Filter>
    </None>
    <None Include="res\Intersect.bmp">
      <Filter>Resource Files</Filter>
    </None>
    <None Include="res\nb.ico">
      <Filter>Resource Files</Filter>
    </None>
    <None Include="res\new_fotor3.ico">
      <Filter>Resource Files</Filter>
    </None>
    <None Include="res\Microsoft_Word.bmp">
      <Filter>Resource Files</Filter>
    </None>
    <None Include="res\TXT2.bmp">
      <Filter>Resource Files</Filter>
    </None>
    <None Include="res\PDF2.bmp">
      <Filter>Resource Files</Filter>
    </None>
    <None Include="res\TXT3.bmp">
      <Filter>Resource Files</Filter>
    </None>
    <None Include="res\PDF.bmp">
      <Filter>Resource Files</Filter>
    </None>
    <None Include="res\URL.bmp">
      <Filter>Resource Files</Filter>
    </None>
  </ItemGroup>
</Project>